
Microsoft Visual Studio Solution File, Format Version 12.00
# Visual Studio 15
VisualStudioVersion = 15.0.28010.2016
MinimumVisualStudioVersion = 10.0.40219.1
Project("{8BC9CEB8-8B4A-11D0-8D11-00A0C91BC942}") = "Spil", "Spil\Spil.vcxproj", "{661ADB9E-9A21-4B20-B94B-C0ACB4EC5E95}"
EndProject
Global
	GlobalSection(SolutionConfigurationPlatforms) = preSolution
		Debug|x64 = Debug|x64
		Debug|x86 = Debug|x86
		Release|x64 = Release|x64
		Release|x86 = Release|x86
	EndGlobalSection
	GlobalSection(ProjectConfigurationPlatforms) = postSolution
		{661ADB9E-9A21-4B20-B94B-C0ACB4EC5E95}.Debug|x64.ActiveCfg = Debug|x64
		{661ADB9E-9A21-4B20-B94B-C0ACB4EC5E95}.Debug|x64.Build.0 = Debug|x64
		{661ADB9E-9A21-4B20-B94B-C0ACB4EC5E95}.Debug|x86.ActiveCfg = Debug|Win32
		{661ADB9E-9A21-4B20-B94B-C0ACB4EC5E95}.Debug|x86.Build.0 = Debug|Win32
		{661ADB9E-9A21-4B20-B94B-C0ACB4EC5E95}.Release|x64.ActiveCfg = Release|x64
		{661ADB9E-9A21-4B20-B94B-C0ACB4EC5E95}.Release|x64.Build.0 = Release|x64
		{661ADB9E-9A21-4B20-B94B-C0ACB4EC5E95}.Release|x86.ActiveCfg = Release|Win32
		{661ADB9E-9A21-4B20-B94B-C0ACB4EC5E95}.Release|x86.Build.0 = Release|Win32
	EndGlobalSection
	GlobalSection(SolutionProperties) = preSolution
		HideSolutionNode = FALSE
	EndGlobalSection
	GlobalSection(ExtensibilityGlobals) = postSolution
		SolutionGuid = {E0E39A18-C432-4970-9F72-BBC6FFF3C450}
	EndGlobalSection
EndGlobal
